
Microsoft Visual Studio Solution File, Format Version 12.00
# Visual Studio 15
VisualStudioVersion = 15.0.27703.2035
MinimumVisualStudioVersion = 10.0.40219.1
Project("{FAE04EC0-301F-11D3-BF4B-00C04F79EFBC}") = "Hawk Eye Project", "Hawk Eye Project\Hawk Eye Project.csproj", "{CAED77AE-E8B9-4A7E-BFE2-CF3B32575277}"
EndProject
Project("{FAE04EC0-301F-11D3-BF4B-00C04F79EFBC}") = "FilePackager", "FilePackager\FilePackager.csproj", "{1752E05C-7654-401F-AFB9-C39EF4C048BA}"
EndProject
Project("{2150E333-8FDC-42A3-9474-1A3956D46DE8}") = "格式库", "格式库", "{59F78A4F-36D5-408D-9F62-CD9D2C52FE40}"
EndProject
Project("{FAE04EC0-301F-11D3-BF4B-00C04F79EFBC}") = "FileTypeLirbary", "FileTypeLirbary\FileTypeLirbary.csproj", "{D27F45E1-EDAB-42C0-913F-BA3F5DFC05F4}"
EndProject
Global
	GlobalSection(SolutionConfigurationPlatforms) = preSolution
		Debug|Any CPU = Debug|Any CPU
		Release|Any CPU = Release|Any CPU
	EndGlobalSection
	GlobalSection(ProjectConfigurationPlatforms) = postSolution
		{CAED77AE-E8B9-4A7E-BFE2-CF3B32575277}.Debug|Any CPU.ActiveCfg = Debug|Any CPU
		{CAED77AE-E8B9-4A7E-BFE2-CF3B32575277}.Debug|Any CPU.Build.0 = Debug|Any CPU
		{CAED77AE-E8B9-4A7E-BFE2-CF3B32575277}.Release|Any CPU.ActiveCfg = Release|Any CPU
		{CAED77AE-E8B9-4A7E-BFE2-CF3B32575277}.Release|Any CPU.Build.0 = Release|Any CPU
		{1752E05C-7654-401F-AFB9-C39EF4C048BA}.Debug|Any CPU.ActiveCfg = Debug|Any CPU
		{1752E05C-7654-401F-AFB9-C39EF4C048BA}.Debug|Any CPU.Build.0 = Debug|Any CPU
		{1752E05C-7654-401F-AFB9-C39EF4C048BA}.Release|Any CPU.ActiveCfg = Release|Any CPU
		{1752E05C-7654-401F-AFB9-C39EF4C048BA}.Release|Any CPU.Build.0 = Release|Any CPU
		{D27F45E1-EDAB-42C0-913F-BA3F5DFC05F4}.Debug|Any CPU.ActiveCfg = Debug|Any CPU
		{D27F45E1-EDAB-42C0-913F-BA3F5DFC05F4}.Debug|Any CPU.Build.0 = Debug|Any CPU
		{D27F45E1-EDAB-42C0-913F-BA3F5DFC05F4}.Release|Any CPU.ActiveCfg = Release|Any CPU
		{D27F45E1-EDAB-42C0-913F-BA3F5DFC05F4}.Release|Any CPU.Build.0 = Release|Any CPU
	EndGlobalSection
	GlobalSection(SolutionProperties) = preSolution
		HideSolutionNode = FALSE
	EndGlobalSection
	GlobalSection(NestedProjects) = preSolution
		{D27F45E1-EDAB-42C0-913F-BA3F5DFC05F4} = {59F78A4F-36D5-408D-9F62-CD9D2C52FE40}
	EndGlobalSection
	GlobalSection(ExtensibilityGlobals) = postSolution
		SolutionGuid = {C2C9F170-FEA1-4300-AEC0-BFEA9CCD16F8}
	EndGlobalSection
EndGlobal
